{
  "lockfileVersion": 1,
  "configVersion": 1,
  "workspaces": {
    "": {
      "name": "claudeclaw",
      "dependencies": {
        "@mtcute/bun": "^0.28.1",
        "@mtcute/dispatcher": "^0.28.1",
      },
      "devDependencies": {
        "@types/bun": "^1.3.9",
      },
    },
  },
  "packages": {
    "@fuman/bun": ["@fuman/bun@0.0.19", "", { "dependencies": { "@fuman/io": "^0.0.19", "@fuman/net": "^0.0.19", "@fuman/utils": "^0.0.19" } }, "sha512-Q9SV77a9cEzx7FI3DalwOFktN1eHkby4yiJoS7cw0HWg7xLZ5lGBJPcyn19R8qc9JhpcByNbKocmrSC4/WbCeQ=="],

    "@fuman/io": ["@fuman/io@0.0.19", "", { "dependencies": { "@fuman/utils": "^0.0.19" } }, "sha512-B+2n3GVa9PCYMJ9xfsdXUlUV9yXO4gKLYfxm815PeJ+MGOw5TbEp166drRmBq1AtxVnP0efy6Oz9rYpKVODgow=="],

    "@fuman/net": ["@fuman/net@0.0.19", "", { "dependencies": { "@fuman/io": "^0.0.19", "@fuman/utils": "^0.0.19" } }, "sha512-yISM+JcZEWBpBYn0v2mUY/Zst4SsicTRaVTvRkVhMiZhgMzdXalfvRwRV/vsgwwL31bntwowCTDW4iilCJLbXg=="],

    "@fuman/utils": ["@fuman/utils@0.0.19", "", {}, "sha512-4qVrZ9AjKYztLJsNr1Tp7kL48b22dvVLN1iVW+Me8ZSQ0ILN0qknoxjsczVPReF7+GDWgknNxR2l6ggrA4SZyw=="],

    "@mtcute/bun": ["@mtcute/bun@0.28.1", "", { "dependencies": { "@fuman/bun": "0.0.19", "@fuman/io": "0.0.19", "@fuman/net": "0.0.19", "@fuman/utils": "0.0.19", "@mtcute/core": "^0.28.1", "@mtcute/html-parser": "^0.28.1", "@mtcute/markdown-parser": "^0.28.1", "@mtcute/wasm": "^0.27.8" } }, "sha512-PmMooPNWcqWRM4dJHdbz7eZkfkTBwQ6OTClI30rTc9+7KGeJSMPOLsqEczwI6kk+76xVXJpX9t3G5JmXxSrGBw=="],

    "@mtcute/core": ["@mtcute/core@0.28.1", "", { "dependencies": { "@fuman/io": "0.0.19", "@fuman/net": "0.0.19", "@fuman/utils": "0.0.19", "@mtcute/file-id": "^0.28.1", "@mtcute/tl": "^222.0.0", "@mtcute/tl-runtime": "^0.24.3", "@types/events": "3.0.0", "long": "5.2.3" } }, "sha512-ahpY3HxTfVvhhFao73P7SLF4nUkxfoRRtCGyWgZr8bjcBMs2fcVP0+EiiTZkUc4qJf+9wdUasUxq3caqIqdCHw=="],

    "@mtcute/dispatcher": ["@mtcute/dispatcher@0.28.1", "", { "dependencies": { "@fuman/utils": "0.0.19", "@mtcute/core": "^0.28.1" } }, "sha512-qRUXVukPlqL8oncNTj0T/3GSNrhLlFE0SY9oAQMNektJTbfiMtRYo305CK/hP1TGmoeq8wk9C5cf/DC7MbdfUQ=="],

    "@mtcute/file-id": ["@mtcute/file-id@0.28.1", "", { "dependencies": { "@fuman/utils": "0.0.19", "@mtcute/tl-runtime": "^0.24.3", "long": "5.2.3" } }, "sha512-OtjJEk/NF1+uKxf9D+IYtIrfglUzmg4KYoy21FrnbLgnqHw0EZbocgDDmJy/5/j5GVAHC/SHp7AGw4RkWCd9rw=="],

    "@mtcute/html-parser": ["@mtcute/html-parser@0.28.1", "", { "dependencies": { "@mtcute/core": "^0.28.1", "htmlparser2": "^10.0.0", "long": "5.2.3" } }, "sha512-Kw1mANUtlb6+u1/qj3CItJSI0gb6sSRAaZAOAKDmcYlPo3g1jT0tms3Rxjxd0un5owzCx0W8VpIk3ep7AXyaow=="],

    "@mtcute/markdown-parser": ["@mtcute/markdown-parser@0.28.1", "", { "dependencies": { "@mtcute/core": "^0.28.1", "long": "5.2.3" } }, "sha512-wKNPG9BcuAD9GB3O4FFXhGo2ciM6lioL0uldDMDZm1GugcdBp0mKhT+h8QJyDDrRM9l+XW01MROTc1KZbItAZQ=="],

    "@mtcute/tl": ["@mtcute/tl@222.0.0", "", { "dependencies": { "long": "5.2.3" } }, "sha512-zg64rX2V7GPrQBJcZ2QX6Z+bLxkF7n1V2HxKQUB+mBkTPElmqMY9dE1lbzcwQw7Dys8lo9h3WlTOnfa1LeNyvw=="],

    "@mtcute/tl-runtime": ["@mtcute/tl-runtime@0.24.3", "", { "dependencies": { "@fuman/utils": "0.0.15", "long": "5.2.3" } }, "sha512-61J3cgYgNOQT532GdIiuezRrSC7v6cc9MfvWv9GO27bRGf7JUKWVbFt4U0KzQ9Tp0J1uMOUfi1EbQKkYKacIKQ=="],

    "@mtcute/wasm": ["@mtcute/wasm@0.27.8", "", {}, "sha512-3z1v1WtkAAW95l5t8LB3Ul+Y8dQNMez5YF16cHE3mAHX5RRrfgE+rgVk+wRQJHa24CugfuEEBSi6QpdZuTRBIw=="],

    "@types/bun": ["@types/bun@1.3.9", "", { "dependencies": { "bun-types": "1.3.9" } }, "sha512-KQ571yULOdWJiMH+RIWIOZ7B2RXQGpL1YQrBtLIV3FqDcCu6FsbFUBwhdKUlCKUpS3PJDsHlJ1QKlpxoVR+xtw=="],

    "@types/events": ["@types/events@3.0.0", "", {}, "sha512-EaObqwIvayI5a8dCzhFrjKzVwKLxjoG9T6Ppd5CEo07LRKfQ8Yokw54r5+Wq7FaBQ+yXRvQAYPrHwya1/UFt9g=="],

    "@types/node": ["@types/node@25.3.3", "", { "dependencies": { "undici-types": "~7.18.0" } }, "sha512-DpzbrH7wIcBaJibpKo9nnSQL0MTRdnWttGyE5haGwK86xgMOkFLp7vEyfQPGLOJh5wNYiJ3V9PmUMDhV9u8kkQ=="],

    "bun-types": ["bun-types@1.3.9", "", { "dependencies": { "@types/node": "*" } }, "sha512-+UBWWOakIP4Tswh0Bt0QD0alpTY8cb5hvgiYeWCMet9YukHbzuruIEeXC2D7nMJPB12kbh8C7XJykSexEqGKJg=="],

    "dom-serializer": ["dom-serializer@2.0.0", "", { "dependencies": { "domelementtype": "^2.3.0", "domhandler": "^5.0.2", "entities": "^4.2.0" } }, "sha512-wIkAryiqt/nV5EQKqQpo3SToSOV9J0DnbJqwK7Wv/Trc92zIAYZ4FlMu+JPFW1DfGFt81ZTCGgDEabffXeLyJg=="],

    "domelementtype": ["domelementtype@2.3.0", "", {}, "sha512-OLETBj6w0OsagBwdXnPdN0cnMfF9opN69co+7ZrbfPGrdpPVNBUj02spi6B1N7wChLQiPn4CSH/zJvXw56gmHw=="],

    "domhandler": ["domhandler@5.0.3", "", { "dependencies": { "domelementtype": "^2.3.0" } }, "sha512-cgwlv/1iFQiFnU96XXgROh8xTeetsnJiDsTc7TYCLFd9+/WNkIqPTxiM/8pSd8VIrhXGTf1Ny1q1hquVqDJB5w=="],

    "domutils": ["domutils@3.2.2", "", { "dependencies": { "dom-serializer": "^2.0.0", "domelementtype": "^2.3.0", "domhandler": "^5.0.3" } }, "sha512-6kZKyUajlDuqlHKVX1w7gyslj9MPIXzIFiz/rGu35uC1wMi+kMhQwGhl4lt9unC9Vb9INnY9Z3/ZA3+FhASLaw=="],

    "entities": ["entities@7.0.1", "", {}, "sha512-TWrgLOFUQTH994YUyl1yT4uyavY5nNB5muff+RtWaqNVCAK408b5ZnnbNAUEWLTCpum9w6arT70i1XdQ4UeOPA=="],

    "htmlparser2": ["htmlparser2@10.1.0", "", { "dependencies": { "domelementtype": "^2.3.0", "domhandler": "^5.0.3", "domutils": "^3.2.2", "entities": "^7.0.1" } }, "sha512-VTZkM9GWRAtEpveh7MSF6SjjrpNVNNVJfFup7xTY3UpFtm67foy9HDVXneLtFVt4pMz5kZtgNcvCniNFb1hlEQ=="],

    "long": ["long@5.2.3", "", {}, "sha512-lcHwpNoggQTObv5apGNCTdJrO69eHOZMi4BNC+rTLER8iHAqGrUVeLh/irVIM7zTw2bOXA8T6uNPeujwOLg/2Q=="],

    "undici-types": ["undici-types@7.18.2", "", {}, "sha512-AsuCzffGHJybSaRrmr5eHr81mwJU3kjw6M+uprWvCXiNeN9SOGwQ3Jn8jb8m3Z6izVgknn1R0FTCEAP2QrLY/w=="],

    "@mtcute/tl-runtime/@fuman/utils": ["@fuman/utils@0.0.15", "", {}, "sha512-3H3WzkfG7iLKCa/yNV4s80lYD4yr5hgiNzU13ysLY2BcDqFjM08XGYuLd5wFVp4V8+DA/fe8gIDW96To/JwDyA=="],

    "dom-serializer/entities": ["entities@4.5.0", "", {}, "sha512-V0hjH4dGPh9Ao5p0MoRY6BVqtwCjhz6vI5LT8AJ55H+4g9/4vbHx1I54fS0XuclLhDHArPQCiMjDxjaL8fPxhw=="],
  }
}
